
Microsoft Visual Studio Solution File, Format Version 12.00
# Visual Studio Version 16
VisualStudioVersion = 16.0.31410.357
MinimumVisualStudioVersion = 10.0.40219.1
Project("{FAE04EC0-301F-11D3-BF4B-00C04F79EFBC}") = "5 - Calcular desconto", "5 - Calcular desconto\5 - Calcular desconto.csproj", "{86177C8D-33D9-4216-865E-958D931B2619}"
EndProject
Global
	GlobalSection(SolutionConfigurationPlatforms) = preSolution
		Debug|Any CPU = Debug|Any CPU
		Release|Any CPU = Release|Any CPU
	EndGlobalSection
	GlobalSection(ProjectConfigurationPlatforms) = postSolution
		{86177C8D-33D9-4216-865E-958D931B2619}.Debug|Any CPU.ActiveCfg = Debug|Any CPU
		{86177C8D-33D9-4216-865E-958D931B2619}.Debug|Any CPU.Build.0 = Debug|Any CPU
		{86177C8D-33D9-4216-865E-958D931B2619}.Release|Any CPU.ActiveCfg = Release|Any CPU
		{86177C8D-33D9-4216-865E-958D931B2619}.Release|Any CPU.Build.0 = Release|Any CPU
	EndGlobalSection
	GlobalSection(SolutionProperties) = preSolution
		HideSolutionNode = FALSE
	EndGlobalSection
	GlobalSection(ExtensibilityGlobals) = postSolution
		SolutionGuid = {3C2B1168-66E5-4691-A53B-20475AFAEF86}
	EndGlobalSection
EndGlobal
